// !$*UTF8*$!
{
	archiveVersion = 1;
	classes = {
	};
	objectVersion = 48;
	objects = {

/* Begin PBXBuildFile section */
		7A451D941FB1B1DB00177250 /* wrapper.c in Sources */ = {isa = PBXBuildFile; fileRef = 7A451D921FB1B1DB00177250 /* wrapper.c */; };
		7A451DAE1FB1F5A200177250 /* libetpan-ios.a in Frameworks */ = {isa = PBXBuildFile; fileRef = 7A451DA71FB1F4BF00177250 /* libetpan-ios.a */; };
		7A451DB01FB1F84900177250 /* AppCoordinator.swift in Sources */ = {isa = PBXBuildFile; fileRef = 7A451DAF1FB1F84900177250 /* AppCoordinator.swift */; };
		7A7923401FB0A14300BC2DE5 /* libiconv.tbd in Frameworks */ = {isa = PBXBuildFile; fileRef = 7A79233F1FB0A14300BC2DE5 /* libiconv.tbd */; };
		7A79236A1FB0A2C800BC2DE5 /* compress.c in Sources */ = {isa = PBXBuildFile; fileRef = 7A79235D1FB0A2C800BC2DE5 /* compress.c */; };
		7A79236B1FB0A2C800BC2DE5 /* create.c in Sources */ = {isa = PBXBuildFile; fileRef = 7A79235E1FB0A2C800BC2DE5 /* create.c */; };
		7A79236C1FB0A2C800BC2DE5 /* crypto.c in Sources */ = {isa = PBXBuildFile; fileRef = 7A79235F1FB0A2C800BC2DE5 /* crypto.c */; };
		7A79236D1FB0A2C800BC2DE5 /* keyring.c in Sources */ = {isa = PBXBuildFile; fileRef = 7A7923601FB0A2C800BC2DE5 /* keyring.c */; };
		7A79236E1FB0A2C800BC2DE5 /* misc.c in Sources */ = {isa = PBXBuildFile; fileRef = 7A7923611FB0A2C800BC2DE5 /* misc.c */; };
		7A79236F1FB0A2C800BC2DE5 /* openssl_crypto.c in Sources */ = {isa = PBXBuildFile; fileRef = 7A7923621FB0A2C800BC2DE5 /* openssl_crypto.c */; };
		7A7923701FB0A2C800BC2DE5 /* packet-parse.c in Sources */ = {isa = PBXBuildFile; fileRef = 7A7923631FB0A2C800BC2DE5 /* packet-parse.c */; };
		7A7923711FB0A2C800BC2DE5 /* packet-show.c in Sources */ = {isa = PBXBuildFile; fileRef = 7A7923641FB0A2C800BC2DE5 /* packet-show.c */; };
		7A7923721FB0A2C800BC2DE5 /* reader.c in Sources */ = {isa = PBXBuildFile; fileRef = 7A7923651FB0A2C800BC2DE5 /* reader.c */; };
		7A7923731FB0A2C800BC2DE5 /* signature.c in Sources */ = {isa = PBXBuildFile; fileRef = 7A7923661FB0A2C800BC2DE5 /* signature.c */; };
		7A7923741FB0A2C800BC2DE5 /* symmetric.c in Sources */ = {isa = PBXBuildFile; fileRef = 7A7923671FB0A2C800BC2DE5 /* symmetric.c */; };
		7A7923751FB0A2C800BC2DE5 /* validate.c in Sources */ = {isa = PBXBuildFile; fileRef = 7A7923681FB0A2C800BC2DE5 /* validate.c */; };
		7A7923761FB0A2C800BC2DE5 /* writer.c in Sources */ = {isa = PBXBuildFile; fileRef = 7A7923691FB0A2C800BC2DE5 /* writer.c */; };
		7A9FB1441FB061E2001FEA36 /* AppDelegate.swift in Sources */ = {isa = PBXBuildFile; fileRef = 7A9FB1431FB061E2001FEA36 /* AppDelegate.swift */; };
		7A9FB1461FB061E2001FEA36 /* ViewController.swift in Sources */ = {isa = PBXBuildFile; fileRef = 7A9FB1451FB061E2001FEA36 /* ViewController.swift */; };
		7A9FB14B1FB061E2001FEA36 /* Assets.xcassets in Resources */ = {isa = PBXBuildFile; fileRef = 7A9FB14A1FB061E2001FEA36 /* Assets.xcassets */; };
		7A9FB14E1FB061E2001FEA36 /* LaunchScreen.storyboard in Resources */ = {isa = PBXBuildFile; fileRef = 7A9FB14C1FB061E2001FEA36 /* LaunchScreen.storyboard */; };
		7A9FB5381FB08557001FEA36 /* mraheader.c in Sources */ = {isa = PBXBuildFile; fileRef = 7A9FB4FC1FB08557001FEA36 /* mraheader.c */; };
		7A9FB5391FB08557001FEA36 /* mrapeerstate.c in Sources */ = {isa = PBXBuildFile; fileRef = 7A9FB4FE1FB08557001FEA36 /* mrapeerstate.c */; };
		7A9FB53A1FB08557001FEA36 /* mrchat.c in Sources */ = {isa = PBXBuildFile; fileRef = 7A9FB5001FB08557001FEA36 /* mrchat.c */; };
		7A9FB53B1FB08557001FEA36 /* mrchatlist.c in Sources */ = {isa = PBXBuildFile; fileRef = 7A9FB5021FB08557001FEA36 /* mrchatlist.c */; };
		7A9FB53C1FB08557001FEA36 /* mrcmdline.c in Sources */ = {isa = PBXBuildFile; fileRef = 7A9FB5041FB08557001FEA36 /* mrcmdline.c */; };
		7A9FB53D1FB08557001FEA36 /* mrcontact.c in Sources */ = {isa = PBXBuildFile; fileRef = 7A9FB5061FB08557001FEA36 /* mrcontact.c */; };
		7A9FB53E1FB08557001FEA36 /* mrdehtml.c in Sources */ = {isa = PBXBuildFile; fileRef = 7A9FB5081FB08557001FEA36 /* mrdehtml.c */; };
		7A9FB53F1FB08557001FEA36 /* mrimap.c in Sources */ = {isa = PBXBuildFile; fileRef = 7A9FB50A1FB08557001FEA36 /* mrimap.c */; };
		7A9FB5401FB08557001FEA36 /* mrjob.c in Sources */ = {isa = PBXBuildFile; fileRef = 7A9FB50C1FB08557001FEA36 /* mrjob.c */; };
		7A9FB5411FB08557001FEA36 /* mrkey.c in Sources */ = {isa = PBXBuildFile; fileRef = 7A9FB50E1FB08557001FEA36 /* mrkey.c */; };
		7A9FB5421FB08557001FEA36 /* mrkeyring.c in Sources */ = {isa = PBXBuildFile; fileRef = 7A9FB5101FB08557001FEA36 /* mrkeyring.c */; };
		7A9FB5431FB08557001FEA36 /* mrloginparam.c in Sources */ = {isa = PBXBuildFile; fileRef = 7A9FB5121FB08557001FEA36 /* mrloginparam.c */; };
		7A9FB5441FB08557001FEA36 /* mrmailbox.c in Sources */ = {isa = PBXBuildFile; fileRef = 7A9FB5141FB08557001FEA36 /* mrmailbox.c */; };
		7A9FB5451FB08557001FEA36 /* mrmailbox_configure.c in Sources */ = {isa = PBXBuildFile; fileRef = 7A9FB5161FB08557001FEA36 /* mrmailbox_configure.c */; };
		7A9FB5461FB08557001FEA36 /* mrmailbox_e2ee.c in Sources */ = {isa = PBXBuildFile; fileRef = 7A9FB5171FB08557001FEA36 /* mrmailbox_e2ee.c */; };
		7A9FB5471FB08557001FEA36 /* mrmailbox_imex.c in Sources */ = {isa = PBXBuildFile; fileRef = 7A9FB5181FB08557001FEA36 /* mrmailbox_imex.c */; };
		7A9FB5481FB08557001FEA36 /* mrmailbox_log.c in Sources */ = {isa = PBXBuildFile; fileRef = 7A9FB5191FB08557001FEA36 /* mrmailbox_log.c */; };
		7A9FB5491FB08557001FEA36 /* mrmailbox_tools.c in Sources */ = {isa = PBXBuildFile; fileRef = 7A9FB51A1FB08557001FEA36 /* mrmailbox_tools.c */; };
		7A9FB54A1FB08557001FEA36 /* mrmimefactory.c in Sources */ = {isa = PBXBuildFile; fileRef = 7A9FB51B1FB08557001FEA36 /* mrmimefactory.c */; };
		7A9FB54B1FB08557001FEA36 /* mrmimeparser.c in Sources */ = {isa = PBXBuildFile; fileRef = 7A9FB51D1FB08557001FEA36 /* mrmimeparser.c */; };
		7A9FB54C1FB08557001FEA36 /* mrmsg.c in Sources */ = {isa = PBXBuildFile; fileRef = 7A9FB51F1FB08557001FEA36 /* mrmsg.c */; };
		7A9FB54D1FB08557001FEA36 /* mrosnative.c in Sources */ = {isa = PBXBuildFile; fileRef = 7A9FB5211FB08557001FEA36 /* mrosnative.c */; };
		7A9FB54E1FB08557001FEA36 /* mrparam.c in Sources */ = {isa = PBXBuildFile; fileRef = 7A9FB5231FB08557001FEA36 /* mrparam.c */; };
		7A9FB54F1FB08557001FEA36 /* mrpgp.c in Sources */ = {isa = PBXBuildFile; fileRef = 7A9FB5251FB08557001FEA36 /* mrpgp.c */; };
		7A9FB5501FB08557001FEA36 /* mrpoortext.c in Sources */ = {isa = PBXBuildFile; fileRef = 7A9FB5271FB08557001FEA36 /* mrpoortext.c */; };
		7A9FB5511FB08557001FEA36 /* mrsaxparser.c in Sources */ = {isa = PBXBuildFile; fileRef = 7A9FB5291FB08557001FEA36 /* mrsaxparser.c */; };
		7A9FB5521FB08557001FEA36 /* mrsimplify.c in Sources */ = {isa = PBXBuildFile; fileRef = 7A9FB52B1FB08557001FEA36 /* mrsimplify.c */; };
		7A9FB5531FB08557001FEA36 /* mrsmtp.c in Sources */ = {isa = PBXBuildFile; fileRef = 7A9FB52D1FB08557001FEA36 /* mrsmtp.c */; };
		7A9FB5541FB08557001FEA36 /* mrsqlite3.c in Sources */ = {isa = PBXBuildFile; fileRef = 7A9FB52F1FB08557001FEA36 /* mrsqlite3.c */; };
		7A9FB5551FB08557001FEA36 /* mrstock.c in Sources */ = {isa = PBXBuildFile; fileRef = 7A9FB5311FB08557001FEA36 /* mrstock.c */; };
		7A9FB5561FB08557001FEA36 /* mrtools.c in Sources */ = {isa = PBXBuildFile; fileRef = 7A9FB5331FB08557001FEA36 /* mrtools.c */; };
		7A9FB5571FB08557001FEA36 /* stress.c in Sources */ = {isa = PBXBuildFile; fileRef = 7A9FB5351FB08557001FEA36 /* stress.c */; };
		8B6D425BC604F7C43B65D436 /* Pods_deltachat_ios.framework in Frameworks */ = {isa = PBXBuildFile; fileRef = 6241BE1534A653E79AD5D01D /* Pods_deltachat_ios.framework */; };
		AE0D26FD1FB1FE88002FAFCE /* ChatListController.swift in Sources */ = {isa = PBXBuildFile; fileRef = AE0D26FC1FB1FE88002FAFCE /* ChatListController.swift */; };
		AEACE2DD1FB323CA00DCDD78 /* ChatViewController.swift in Sources */ = {isa = PBXBuildFile; fileRef = AEACE2DC1FB323CA00DCDD78 /* ChatViewController.swift */; };
		AEACE2DF1FB3246400DCDD78 /* Message.swift in Sources */ = {isa = PBXBuildFile; fileRef = AEACE2DE1FB3246400DCDD78 /* Message.swift */; };
		AEACE2E11FB3271700DCDD78 /* SampleData.swift in Sources */ = {isa = PBXBuildFile; fileRef = AEACE2E01FB3271700DCDD78 /* SampleData.swift */; };
		AEACE2E31FB32B5C00DCDD78 /* Constants.swift in Sources */ = {isa = PBXBuildFile; fileRef = AEACE2E21FB32B5C00DCDD78 /* Constants.swift */; };
		AEACE2E51FB32E1900DCDD78 /* Utils.swift in Sources */ = {isa = PBXBuildFile; fileRef = AEACE2E41FB32E1900DCDD78 /* Utils.swift */; };
		AEACE2E91FB34D9100DCDD78 /* ContactViewController.swift in Sources */ = {isa = PBXBuildFile; fileRef = AEACE2E81FB34D9100DCDD78 /* ContactViewController.swift */; };
/* End PBXBuildFile section */

/* Begin PBXContainerItemProxy section */
		7A451DA21FB1F4BF00177250 /* PBXContainerItemProxy */ = {
			isa = PBXContainerItemProxy;
			containerPortal = 7A451D9A1FB1F4BF00177250 /* libetpan.xcodeproj */;
			proxyType = 2;
			remoteGlobalIDString = 8DC2EF5B0486A6940098B216;
			remoteInfo = libetpan;
		};
		7A451DA41FB1F4BF00177250 /* PBXContainerItemProxy */ = {
			isa = PBXContainerItemProxy;
			containerPortal = 7A451D9A1FB1F4BF00177250 /* libetpan.xcodeproj */;
			proxyType = 2;
			remoteGlobalIDString = C69AB10A10546FE500F32FBD;
			remoteInfo = "static libetpan";
		};
		7A451DA61FB1F4BF00177250 /* PBXContainerItemProxy */ = {
			isa = PBXContainerItemProxy;
			containerPortal = 7A451D9A1FB1F4BF00177250 /* libetpan.xcodeproj */;
			proxyType = 2;
			remoteGlobalIDString = C682E2C015B315EF00BE9DA7;
			remoteInfo = "libetpan ios";
		};
/* End PBXContainerItemProxy section */

/* Begin PBXFileReference section */
		6241BE1534A653E79AD5D01D /* Pods_deltachat_ios.framework */ = {isa = PBXFileReference; explicitFileType = wrapper.framework; includeInIndex = 0; path = Pods_deltachat_ios.framework; sourceTree = BUILT_PRODUCTS_DIR; };
		7A451D921FB1B1DB00177250 /* wrapper.c */ = {isa = PBXFileReference; lastKnownFileType = sourcecode.c.c; path = wrapper.c; sourceTree = "<group>"; };
		7A451D931FB1B1DB00177250 /* wrapper.h */ = {isa = PBXFileReference; lastKnownFileType = sourcecode.c.h; path = wrapper.h; sourceTree = "<group>"; };
		7A451D9A1FB1F4BF00177250 /* libetpan.xcodeproj */ = {isa = PBXFileReference; lastKnownFileType = "wrapper.pb-project"; name = libetpan.xcodeproj; path = "deltachat-ios/libraries/libetpan/build-mac/libetpan.xcodeproj"; sourceTree = "<group>"; };
		7A451DAF1FB1F84900177250 /* AppCoordinator.swift */ = {isa = PBXFileReference; lastKnownFileType = sourcecode.swift; path = AppCoordinator.swift; sourceTree = "<group>"; };
		7A79233F1FB0A14300BC2DE5 /* libiconv.tbd */ = {isa = PBXFileReference; lastKnownFileType = "sourcecode.text-based-dylib-definition"; name = libiconv.tbd; path = usr/lib/libiconv.tbd; sourceTree = SDKROOT; };
		7A7923451FB0A2C800BC2DE5 /* config-netpgp.h */ = {isa = PBXFileReference; fileEncoding = 4; lastKnownFileType = sourcecode.c.h; path = "config-netpgp.h"; sourceTree = "<group>"; };
		7A7923461FB0A2C800BC2DE5 /* config-original-as-configured-for-ubuntu-16.04-64bit.h */ = {isa = PBXFileReference; fileEncoding = 4; lastKnownFileType = sourcecode.c.h; path = "config-original-as-configured-for-ubuntu-16.04-64bit.h"; sourceTree = "<group>"; };
		7A7923471FB0A2C800BC2DE5 /* config-pep.h */ = {isa = PBXFileReference; fileEncoding = 4; lastKnownFileType = sourcecode.c.h; path = "config-pep.h"; sourceTree = "<group>"; };
		7A7923481FB0A2C800BC2DE5 /* create.h */ = {isa = PBXFileReference; fileEncoding = 4; lastKnownFileType = sourcecode.c.h; path = create.h; sourceTree = "<group>"; };
		7A7923491FB0A2C800BC2DE5 /* crypto.h */ = {isa = PBXFileReference; fileEncoding = 4; lastKnownFileType = sourcecode.c.h; path = crypto.h; sourceTree = "<group>"; };
		7A79234A1FB0A2C800BC2DE5 /* defs.h */ = {isa = PBXFileReference; fileEncoding = 4; lastKnownFileType = sourcecode.c.h; path = defs.h; sourceTree = "<group>"; };
		7A79234B1FB0A2C800BC2DE5 /* errors.h */ = {isa = PBXFileReference; fileEncoding = 4; lastKnownFileType = sourcecode.c.h; path = errors.h; sourceTree = "<group>"; };
		7A79234C1FB0A2C800BC2DE5 /* keyring.h */ = {isa = PBXFileReference; fileEncoding = 4; lastKnownFileType = sourcecode.c.h; path = keyring.h; sourceTree = "<group>"; };
		7A79234D1FB0A2C800BC2DE5 /* memory.h */ = {isa = PBXFileReference; fileEncoding = 4; lastKnownFileType = sourcecode.c.h; path = memory.h; sourceTree = "<group>"; };
		7A79234E1FB0A2C800BC2DE5 /* netpgpdefs.h */ = {isa = PBXFileReference; fileEncoding = 4; lastKnownFileType = sourcecode.c.h; path = netpgpdefs.h; sourceTree = "<group>"; };
		7A79234F1FB0A2C800BC2DE5 /* netpgpdigest.h */ = {isa = PBXFileReference; fileEncoding = 4; lastKnownFileType = sourcecode.c.h; path = netpgpdigest.h; sourceTree = "<group>"; };
		7A7923501FB0A2C800BC2DE5 /* netpgpsdk.h */ = {isa = PBXFileReference; fileEncoding = 4; lastKnownFileType = sourcecode.c.h; path = netpgpsdk.h; sourceTree = "<group>"; };
		7A7923511FB0A2C800BC2DE5 /* openssl11stub.h */ = {isa = PBXFileReference; fileEncoding = 4; lastKnownFileType = sourcecode.c.h; path = openssl11stub.h; sourceTree = "<group>"; };
		7A7923521FB0A2C800BC2DE5 /* packet-parse.h */ = {isa = PBXFileReference; fileEncoding = 4; lastKnownFileType = sourcecode.c.h; path = "packet-parse.h"; sourceTree = "<group>"; };
		7A7923531FB0A2C800BC2DE5 /* packet-show.h */ = {isa = PBXFileReference; fileEncoding = 4; lastKnownFileType = sourcecode.c.h; path = "packet-show.h"; sourceTree = "<group>"; };
		7A7923541FB0A2C800BC2DE5 /* packet.h */ = {isa = PBXFileReference; fileEncoding = 4; lastKnownFileType = sourcecode.c.h; path = packet.h; sourceTree = "<group>"; };
		7A7923551FB0A2C800BC2DE5 /* readerwriter.h */ = {isa = PBXFileReference; fileEncoding = 4; lastKnownFileType = sourcecode.c.h; path = readerwriter.h; sourceTree = "<group>"; };
		7A7923561FB0A2C800BC2DE5 /* signature.h */ = {isa = PBXFileReference; fileEncoding = 4; lastKnownFileType = sourcecode.c.h; path = signature.h; sourceTree = "<group>"; };
		7A7923571FB0A2C800BC2DE5 /* types.h */ = {isa = PBXFileReference; fileEncoding = 4; lastKnownFileType = sourcecode.c.h; path = types.h; sourceTree = "<group>"; };
		7A7923581FB0A2C800BC2DE5 /* validate.h */ = {isa = PBXFileReference; fileEncoding = 4; lastKnownFileType = sourcecode.c.h; path = validate.h; sourceTree = "<group>"; };
		7A7923591FB0A2C800BC2DE5 /* version.h */ = {isa = PBXFileReference; fileEncoding = 4; lastKnownFileType = sourcecode.c.h; path = version.h; sourceTree = "<group>"; };
		7A79235A1FB0A2C800BC2DE5 /* writer.h */ = {isa = PBXFileReference; fileEncoding = 4; lastKnownFileType = sourcecode.c.h; path = writer.h; sourceTree = "<group>"; };
		7A79235B1FB0A2C800BC2DE5 /* netpgp-extra.h */ = {isa = PBXFileReference; fileEncoding = 4; lastKnownFileType = sourcecode.c.h; path = "netpgp-extra.h"; sourceTree = "<group>"; };
		7A79235D1FB0A2C800BC2DE5 /* compress.c */ = {isa = PBXFileReference; fileEncoding = 4; lastKnownFileType = sourcecode.c.c; path = compress.c; sourceTree = "<group>"; };
		7A79235E1FB0A2C800BC2DE5 /* create.c */ = {isa = PBXFileReference; fileEncoding = 4; lastKnownFileType = sourcecode.c.c; path = create.c; sourceTree = "<group>"; };
		7A79235F1FB0A2C800BC2DE5 /* crypto.c */ = {isa = PBXFileReference; fileEncoding = 4; lastKnownFileType = sourcecode.c.c; path = crypto.c; sourceTree = "<group>"; };
		7A7923601FB0A2C800BC2DE5 /* keyring.c */ = {isa = PBXFileReference; fileEncoding = 4; lastKnownFileType = sourcecode.c.c; path = keyring.c; sourceTree = "<group>"; };
		7A7923611FB0A2C800BC2DE5 /* misc.c */ = {isa = PBXFileReference; fileEncoding = 4; lastKnownFileType = sourcecode.c.c; path = misc.c; sourceTree = "<group>"; };
		7A7923621FB0A2C800BC2DE5 /* openssl_crypto.c */ = {isa = PBXFileReference; fileEncoding = 4; lastKnownFileType = sourcecode.c.c; path = openssl_crypto.c; sourceTree = "<group>"; };
		7A7923631FB0A2C800BC2DE5 /* packet-parse.c */ = {isa = PBXFileReference; fileEncoding = 4; lastKnownFileType = sourcecode.c.c; path = "packet-parse.c"; sourceTree = "<group>"; };
		7A7923641FB0A2C800BC2DE5 /* packet-show.c */ = {isa = PBXFileReference; fileEncoding = 4; lastKnownFileType = sourcecode.c.c; path = "packet-show.c"; sourceTree = "<group>"; };
		7A7923651FB0A2C800BC2DE5 /* reader.c */ = {isa = PBXFileReference; fileEncoding = 4; lastKnownFileType = sourcecode.c.c; path = reader.c; sourceTree = "<group>"; };
		7A7923661FB0A2C800BC2DE5 /* signature.c */ = {isa = PBXFileReference; fileEncoding = 4; lastKnownFileType = sourcecode.c.c; path = signature.c; sourceTree = "<group>"; };
		7A7923671FB0A2C800BC2DE5 /* symmetric.c */ = {isa = PBXFileReference; fileEncoding = 4; lastKnownFileType = sourcecode.c.c; path = symmetric.c; sourceTree = "<group>"; };
		7A7923681FB0A2C800BC2DE5 /* validate.c */ = {isa = PBXFileReference; fileEncoding = 4; lastKnownFileType = sourcecode.c.c; path = validate.c; sourceTree = "<group>"; };
		7A7923691FB0A2C800BC2DE5 /* writer.c */ = {isa = PBXFileReference; fileEncoding = 4; lastKnownFileType = sourcecode.c.c; path = writer.c; sourceTree = "<group>"; };
		7A9FB1401FB061E2001FEA36 /* deltachat-ios.app */ = {isa = PBXFileReference; explicitFileType = wrapper.application; includeInIndex = 0; path = "deltachat-ios.app"; sourceTree = BUILT_PRODUCTS_DIR; };
		7A9FB1431FB061E2001FEA36 /* AppDelegate.swift */ = {isa = PBXFileReference; lastKnownFileType = sourcecode.swift; path = AppDelegate.swift; sourceTree = "<group>"; };
		7A9FB1451FB061E2001FEA36 /* ViewController.swift */ = {isa = PBXFileReference; lastKnownFileType = sourcecode.swift; path = ViewController.swift; sourceTree = "<group>"; };
		7A9FB14A1FB061E2001FEA36 /* Assets.xcassets */ = {isa = PBXFileReference; lastKnownFileType = folder.assetcatalog; path = Assets.xcassets; sourceTree = "<group>"; };
		7A9FB14D1FB061E2001FEA36 /* Base */ = {isa = PBXFileReference; lastKnownFileType = file.storyboard; name = Base; path = Base.lproj/LaunchScreen.storyboard; sourceTree = "<group>"; };
		7A9FB14F1FB061E2001FEA36 /* Info.plist */ = {isa = PBXFileReference; lastKnownFileType = text.plist.xml; path = Info.plist; sourceTree = "<group>"; };
		7A9FB1561FB06540001FEA36 /* deltachat-ios-Bridging-Header.h */ = {isa = PBXFileReference; lastKnownFileType = sourcecode.c.h; path = "deltachat-ios-Bridging-Header.h"; sourceTree = "<group>"; };
		7A9FB4FC1FB08557001FEA36 /* mraheader.c */ = {isa = PBXFileReference; fileEncoding = 4; lastKnownFileType = sourcecode.c.c; path = mraheader.c; sourceTree = "<group>"; };
		7A9FB4FD1FB08557001FEA36 /* mraheader.h */ = {isa = PBXFileReference; fileEncoding = 4; lastKnownFileType = sourcecode.c.h; path = mraheader.h; sourceTree = "<group>"; };
		7A9FB4FE1FB08557001FEA36 /* mrapeerstate.c */ = {isa = PBXFileReference; fileEncoding = 4; lastKnownFileType = sourcecode.c.c; path = mrapeerstate.c; sourceTree = "<group>"; };
		7A9FB4FF1FB08557001FEA36 /* mrapeerstate.h */ = {isa = PBXFileReference; fileEncoding = 4; lastKnownFileType = sourcecode.c.h; path = mrapeerstate.h; sourceTree = "<group>"; };
		7A9FB5001FB08557001FEA36 /* mrchat.c */ = {isa = PBXFileReference; fileEncoding = 4; lastKnownFileType = sourcecode.c.c; path = mrchat.c; sourceTree = "<group>"; };
		7A9FB5011FB08557001FEA36 /* mrchat.h */ = {isa = PBXFileReference; fileEncoding = 4; lastKnownFileType = sourcecode.c.h; path = mrchat.h; sourceTree = "<group>"; };
		7A9FB5021FB08557001FEA36 /* mrchatlist.c */ = {isa = PBXFileReference; fileEncoding = 4; lastKnownFileType = sourcecode.c.c; path = mrchatlist.c; sourceTree = "<group>"; };
		7A9FB5031FB08557001FEA36 /* mrchatlist.h */ = {isa = PBXFileReference; fileEncoding = 4; lastKnownFileType = sourcecode.c.h; path = mrchatlist.h; sourceTree = "<group>"; };
		7A9FB5041FB08557001FEA36 /* mrcmdline.c */ = {isa = PBXFileReference; fileEncoding = 4; lastKnownFileType = sourcecode.c.c; path = mrcmdline.c; sourceTree = "<group>"; };
		7A9FB5051FB08557001FEA36 /* mrcmdline.h */ = {isa = PBXFileReference; fileEncoding = 4; lastKnownFileType = sourcecode.c.h; path = mrcmdline.h; sourceTree = "<group>"; };
		7A9FB5061FB08557001FEA36 /* mrcontact.c */ = {isa = PBXFileReference; fileEncoding = 4; lastKnownFileType = sourcecode.c.c; path = mrcontact.c; sourceTree = "<group>"; };
		7A9FB5071FB08557001FEA36 /* mrcontact.h */ = {isa = PBXFileReference; fileEncoding = 4; lastKnownFileType = sourcecode.c.h; path = mrcontact.h; sourceTree = "<group>"; };
		7A9FB5081FB08557001FEA36 /* mrdehtml.c */ = {isa = PBXFileReference; fileEncoding = 4; lastKnownFileType = sourcecode.c.c; path = mrdehtml.c; sourceTree = "<group>"; };
		7A9FB5091FB08557001FEA36 /* mrdehtml.h */ = {isa = PBXFileReference; fileEncoding = 4; lastKnownFileType = sourcecode.c.h; path = mrdehtml.h; sourceTree = "<group>"; };
		7A9FB50A1FB08557001FEA36 /* mrimap.c */ = {isa = PBXFileReference; fileEncoding = 4; lastKnownFileType = sourcecode.c.c; path = mrimap.c; sourceTree = "<group>"; };
		7A9FB50B1FB08557001FEA36 /* mrimap.h */ = {isa = PBXFileReference; fileEncoding = 4; lastKnownFileType = sourcecode.c.h; path = mrimap.h; sourceTree = "<group>"; };
		7A9FB50C1FB08557001FEA36 /* mrjob.c */ = {isa = PBXFileReference; fileEncoding = 4; lastKnownFileType = sourcecode.c.c; path = mrjob.c; sourceTree = "<group>"; };
		7A9FB50D1FB08557001FEA36 /* mrjob.h */ = {isa = PBXFileReference; fileEncoding = 4; lastKnownFileType = sourcecode.c.h; path = mrjob.h; sourceTree = "<group>"; };
		7A9FB50E1FB08557001FEA36 /* mrkey.c */ = {isa = PBXFileReference; fileEncoding = 4; lastKnownFileType = sourcecode.c.c; path = mrkey.c; sourceTree = "<group>"; };
		7A9FB50F1FB08557001FEA36 /* mrkey.h */ = {isa = PBXFileReference; fileEncoding = 4; lastKnownFileType = sourcecode.c.h; path = mrkey.h; sourceTree = "<group>"; };
		7A9FB5101FB08557001FEA36 /* mrkeyring.c */ = {isa = PBXFileReference; fileEncoding = 4; lastKnownFileType = sourcecode.c.c; path = mrkeyring.c; sourceTree = "<group>"; };
		7A9FB5111FB08557001FEA36 /* mrkeyring.h */ = {isa = PBXFileReference; fileEncoding = 4; lastKnownFileType = sourcecode.c.h; path = mrkeyring.h; sourceTree = "<group>"; };
		7A9FB5121FB08557001FEA36 /* mrloginparam.c */ = {isa = PBXFileReference; fileEncoding = 4; lastKnownFileType = sourcecode.c.c; path = mrloginparam.c; sourceTree = "<group>"; };
		7A9FB5131FB08557001FEA36 /* mrloginparam.h */ = {isa = PBXFileReference; fileEncoding = 4; lastKnownFileType = sourcecode.c.h; path = mrloginparam.h; sourceTree = "<group>"; };
		7A9FB5141FB08557001FEA36 /* mrmailbox.c */ = {isa = PBXFileReference; fileEncoding = 4; lastKnownFileType = sourcecode.c.c; path = mrmailbox.c; sourceTree = "<group>"; };
		7A9FB5151FB08557001FEA36 /* mrmailbox.h */ = {isa = PBXFileReference; fileEncoding = 4; lastKnownFileType = sourcecode.c.h; path = mrmailbox.h; sourceTree = "<group>"; };
		7A9FB5161FB08557001FEA36 /* mrmailbox_configure.c */ = {isa = PBXFileReference; fileEncoding = 4; lastKnownFileType = sourcecode.c.c; path = mrmailbox_configure.c; sourceTree = "<group>"; };
		7A9FB5171FB08557001FEA36 /* mrmailbox_e2ee.c */ = {isa = PBXFileReference; fileEncoding = 4; lastKnownFileType = sourcecode.c.c; path = mrmailbox_e2ee.c; sourceTree = "<group>"; };
		7A9FB5181FB08557001FEA36 /* mrmailbox_imex.c */ = {isa = PBXFileReference; fileEncoding = 4; lastKnownFileType = sourcecode.c.c; path = mrmailbox_imex.c; sourceTree = "<group>"; };
		7A9FB5191FB08557001FEA36 /* mrmailbox_log.c */ = {isa = PBXFileReference; fileEncoding = 4; lastKnownFileType = sourcecode.c.c; path = mrmailbox_log.c; sourceTree = "<group>"; };
		7A9FB51A1FB08557001FEA36 /* mrmailbox_tools.c */ = {isa = PBXFileReference; fileEncoding = 4; lastKnownFileType = sourcecode.c.c; path = mrmailbox_tools.c; sourceTree = "<group>"; };
		7A9FB51B1FB08557001FEA36 /* mrmimefactory.c */ = {isa = PBXFileReference; fileEncoding = 4; lastKnownFileType = sourcecode.c.c; path = mrmimefactory.c; sourceTree = "<group>"; };
		7A9FB51C1FB08557001FEA36 /* mrmimefactory.h */ = {isa = PBXFileReference; fileEncoding = 4; lastKnownFileType = sourcecode.c.h; path = mrmimefactory.h; sourceTree = "<group>"; };
		7A9FB51D1FB08557001FEA36 /* mrmimeparser.c */ = {isa = PBXFileReference; fileEncoding = 4; lastKnownFileType = sourcecode.c.c; path = mrmimeparser.c; sourceTree = "<group>"; };
		7A9FB51E1FB08557001FEA36 /* mrmimeparser.h */ = {isa = PBXFileReference; fileEncoding = 4; lastKnownFileType = sourcecode.c.h; path = mrmimeparser.h; sourceTree = "<group>"; };
		7A9FB51F1FB08557001FEA36 /* mrmsg.c */ = {isa = PBXFileReference; fileEncoding = 4; lastKnownFileType = sourcecode.c.c; path = mrmsg.c; sourceTree = "<group>"; };
		7A9FB5201FB08557001FEA36 /* mrmsg.h */ = {isa = PBXFileReference; fileEncoding = 4; lastKnownFileType = sourcecode.c.h; path = mrmsg.h; sourceTree = "<group>"; };
		7A9FB5211FB08557001FEA36 /* mrosnative.c */ = {isa = PBXFileReference; fileEncoding = 4; lastKnownFileType = sourcecode.c.c; path = mrosnative.c; sourceTree = "<group>"; };
		7A9FB5221FB08557001FEA36 /* mrosnative.h */ = {isa = PBXFileReference; fileEncoding = 4; lastKnownFileType = sourcecode.c.h; path = mrosnative.h; sourceTree = "<group>"; };
		7A9FB5231FB08557001FEA36 /* mrparam.c */ = {isa = PBXFileReference; fileEncoding = 4; lastKnownFileType = sourcecode.c.c; path = mrparam.c; sourceTree = "<group>"; };
		7A9FB5241FB08557001FEA36 /* mrparam.h */ = {isa = PBXFileReference; fileEncoding = 4; lastKnownFileType = sourcecode.c.h; path = mrparam.h; sourceTree = "<group>"; };
		7A9FB5251FB08557001FEA36 /* mrpgp.c */ = {isa = PBXFileReference; fileEncoding = 4; lastKnownFileType = sourcecode.c.c; path = mrpgp.c; sourceTree = "<group>"; };
		7A9FB5261FB08557001FEA36 /* mrpgp.h */ = {isa = PBXFileReference; fileEncoding = 4; lastKnownFileType = sourcecode.c.h; path = mrpgp.h; sourceTree = "<group>"; };
		7A9FB5271FB08557001FEA36 /* mrpoortext.c */ = {isa = PBXFileReference; fileEncoding = 4; lastKnownFileType = sourcecode.c.c; path = mrpoortext.c; sourceTree = "<group>"; };
		7A9FB5281FB08557001FEA36 /* mrpoortext.h */ = {isa = PBXFileReference; fileEncoding = 4; lastKnownFileType = sourcecode.c.h; path = mrpoortext.h; sourceTree = "<group>"; };
		7A9FB5291FB08557001FEA36 /* mrsaxparser.c */ = {isa = PBXFileReference; fileEncoding = 4; lastKnownFileType = sourcecode.c.c; path = mrsaxparser.c; sourceTree = "<group>"; };
		7A9FB52A1FB08557001FEA36 /* mrsaxparser.h */ = {isa = PBXFileReference; fileEncoding = 4; lastKnownFileType = sourcecode.c.h; path = mrsaxparser.h; sourceTree = "<group>"; };
		7A9FB52B1FB08557001FEA36 /* mrsimplify.c */ = {isa = PBXFileReference; fileEncoding = 4; lastKnownFileType = sourcecode.c.c; path = mrsimplify.c; sourceTree = "<group>"; };
		7A9FB52C1FB08557001FEA36 /* mrsimplify.h */ = {isa = PBXFileReference; fileEncoding = 4; lastKnownFileType = sourcecode.c.h; path = mrsimplify.h; sourceTree = "<group>"; };
		7A9FB52D1FB08557001FEA36 /* mrsmtp.c */ = {isa = PBXFileReference; fileEncoding = 4; lastKnownFileType = sourcecode.c.c; path = mrsmtp.c; sourceTree = "<group>"; };
		7A9FB52E1FB08557001FEA36 /* mrsmtp.h */ = {isa = PBXFileReference; fileEncoding = 4; lastKnownFileType = sourcecode.c.h; path = mrsmtp.h; sourceTree = "<group>"; };
		7A9FB52F1FB08557001FEA36 /* mrsqlite3.c */ = {isa = PBXFileReference; fileEncoding = 4; lastKnownFileType = sourcecode.c.c; path = mrsqlite3.c; sourceTree = "<group>"; };
		7A9FB5301FB08557001FEA36 /* mrsqlite3.h */ = {isa = PBXFileReference; fileEncoding = 4; lastKnownFileType = sourcecode.c.h; path = mrsqlite3.h; sourceTree = "<group>"; };
		7A9FB5311FB08557001FEA36 /* mrstock.c */ = {isa = PBXFileReference; fileEncoding = 4; lastKnownFileType = sourcecode.c.c; path = mrstock.c; sourceTree = "<group>"; };
		7A9FB5321FB08557001FEA36 /* mrstock.h */ = {isa = PBXFileReference; fileEncoding = 4; lastKnownFileType = sourcecode.c.h; path = mrstock.h; sourceTree = "<group>"; };
		7A9FB5331FB08557001FEA36 /* mrtools.c */ = {isa = PBXFileReference; fileEncoding = 4; lastKnownFileType = sourcecode.c.c; path = mrtools.c; sourceTree = "<group>"; };
		7A9FB5341FB08557001FEA36 /* mrtools.h */ = {isa = PBXFileReference; fileEncoding = 4; lastKnownFileType = sourcecode.c.h; path = mrtools.h; sourceTree = "<group>"; };
		7A9FB5351FB08557001FEA36 /* stress.c */ = {isa = PBXFileReference; fileEncoding = 4; lastKnownFileType = sourcecode.c.c; path = stress.c; sourceTree = "<group>"; };
		7A9FB5361FB08557001FEA36 /* stress.h */ = {isa = PBXFileReference; fileEncoding = 4; lastKnownFileType = sourcecode.c.h; path = stress.h; sourceTree = "<group>"; };
		8DE110C607A0E4485C43B5FA /* Pods-deltachat-ios.debug.xcconfig */ = {isa = PBXFileReference; includeInIndex = 1; lastKnownFileType = text.xcconfig; name = "Pods-deltachat-ios.debug.xcconfig"; path = "Pods/Target Support Files/Pods-deltachat-ios/Pods-deltachat-ios.debug.xcconfig"; sourceTree = "<group>"; };
		A8615D4600859851E53CAA9C /* Pods-deltachat-ios.release.xcconfig */ = {isa = PBXFileReference; includeInIndex = 1; lastKnownFileType = text.xcconfig; name = "Pods-deltachat-ios.release.xcconfig"; path = "Pods/Target Support Files/Pods-deltachat-ios/Pods-deltachat-ios.release.xcconfig"; sourceTree = "<group>"; };
		AE0D26FC1FB1FE88002FAFCE /* ChatListController.swift */ = {isa = PBXFileReference; lastKnownFileType = sourcecode.swift; path = ChatListController.swift; sourceTree = "<group>"; };
		AEACE2DC1FB323CA00DCDD78 /* ChatViewController.swift */ = {isa = PBXFileReference; lastKnownFileType = sourcecode.swift; path = ChatViewController.swift; sourceTree = "<group>"; };
		AEACE2DE1FB3246400DCDD78 /* Message.swift */ = {isa = PBXFileReference; fileEncoding = 4; lastKnownFileType = sourcecode.swift; path = Message.swift; sourceTree = "<group>"; };
		AEACE2E01FB3271700DCDD78 /* SampleData.swift */ = {isa = PBXFileReference; lastKnownFileType = sourcecode.swift; path = SampleData.swift; sourceTree = "<group>"; };
		AEACE2E21FB32B5C00DCDD78 /* Constants.swift */ = {isa = PBXFileReference; lastKnownFileType = sourcecode.swift; path = Constants.swift; sourceTree = "<group>"; };
		AEACE2E41FB32E1900DCDD78 /* Utils.swift */ = {isa = PBXFileReference; lastKnownFileType = sourcecode.swift; path = Utils.swift; sourceTree = "<group>"; };
		AEACE2E81FB34D9100DCDD78 /* ContactViewController.swift */ = {isa = PBXFileReference; lastKnownFileType = sourcecode.swift; path = ContactViewController.swift; sourceTree = "<group>"; };
/* End PBXFileReference section */

/* Begin PBXFrameworksBuildPhase section */
		7A9FB13D1FB061E2001FEA36 /* Frameworks */ = {
			isa = PBXFrameworksBuildPhase;
			buildActionMask = 2147483647;
			files = (
				7A451DAE1FB1F5A200177250 /* libetpan-ios.a in Frameworks */,
				7A7923401FB0A14300BC2DE5 /* libiconv.tbd in Frameworks */,
				8B6D425BC604F7C43B65D436 /* Pods_deltachat_ios.framework in Frameworks */,
			);
			runOnlyForDeploymentPostprocessing = 0;
		};
/* End PBXFrameworksBuildPhase section */

/* Begin PBXGroup section */
		7A451D9B1FB1F4BF00177250 /* Products */ = {
			isa = PBXGroup;
			children = (
				7A451DA31FB1F4BF00177250 /* libetpan.framework */,
				7A451DA51FB1F4BF00177250 /* libetpan.a */,
				7A451DA71FB1F4BF00177250 /* libetpan-ios.a */,
			);
			name = Products;
			sourceTree = "<group>";
		};
		7A7923411FB0A2B800BC2DE5 /* libs */ = {
			isa = PBXGroup;
			children = (
				7A7923421FB0A2C800BC2DE5 /* netpgp */,
			);
			name = libs;
			sourceTree = "<group>";
		};
		7A7923421FB0A2C800BC2DE5 /* netpgp */ = {
			isa = PBXGroup;
			children = (
				7A7923431FB0A2C800BC2DE5 /* include */,
				7A79235C1FB0A2C800BC2DE5 /* src */,
			);
			name = netpgp;
			path = "libraries/deltachat-core/libs/netpgp";
			sourceTree = "<group>";
		};
		7A7923431FB0A2C800BC2DE5 /* include */ = {
			isa = PBXGroup;
			children = (
				7A7923441FB0A2C800BC2DE5 /* netpgp */,
				7A79235B1FB0A2C800BC2DE5 /* netpgp-extra.h */,
			);
			path = include;
			sourceTree = "<group>";
		};
		7A7923441FB0A2C800BC2DE5 /* netpgp */ = {
			isa = PBXGroup;
			children = (
				7A7923451FB0A2C800BC2DE5 /* config-netpgp.h */,
				7A7923461FB0A2C800BC2DE5 /* config-original-as-configured-for-ubuntu-16.04-64bit.h */,
				7A7923471FB0A2C800BC2DE5 /* config-pep.h */,
				7A7923481FB0A2C800BC2DE5 /* create.h */,
				7A7923491FB0A2C800BC2DE5 /* crypto.h */,
				7A79234A1FB0A2C800BC2DE5 /* defs.h */,
				7A79234B1FB0A2C800BC2DE5 /* errors.h */,
				7A79234C1FB0A2C800BC2DE5 /* keyring.h */,
				7A79234D1FB0A2C800BC2DE5 /* memory.h */,
				7A79234E1FB0A2C800BC2DE5 /* netpgpdefs.h */,
				7A79234F1FB0A2C800BC2DE5 /* netpgpdigest.h */,
				7A7923501FB0A2C800BC2DE5 /* netpgpsdk.h */,
				7A7923511FB0A2C800BC2DE5 /* openssl11stub.h */,
				7A7923521FB0A2C800BC2DE5 /* packet-parse.h */,
				7A7923531FB0A2C800BC2DE5 /* packet-show.h */,
				7A7923541FB0A2C800BC2DE5 /* packet.h */,
				7A7923551FB0A2C800BC2DE5 /* readerwriter.h */,
				7A7923561FB0A2C800BC2DE5 /* signature.h */,
				7A7923571FB0A2C800BC2DE5 /* types.h */,
				7A7923581FB0A2C800BC2DE5 /* validate.h */,
				7A7923591FB0A2C800BC2DE5 /* version.h */,
				7A79235A1FB0A2C800BC2DE5 /* writer.h */,
			);
			path = netpgp;
			sourceTree = "<group>";
		};
		7A79235C1FB0A2C800BC2DE5 /* src */ = {
			isa = PBXGroup;
			children = (
				7A79235D1FB0A2C800BC2DE5 /* compress.c */,
				7A79235E1FB0A2C800BC2DE5 /* create.c */,
				7A79235F1FB0A2C800BC2DE5 /* crypto.c */,
				7A7923601FB0A2C800BC2DE5 /* keyring.c */,
				7A7923611FB0A2C800BC2DE5 /* misc.c */,
				7A7923621FB0A2C800BC2DE5 /* openssl_crypto.c */,
				7A7923631FB0A2C800BC2DE5 /* packet-parse.c */,
				7A7923641FB0A2C800BC2DE5 /* packet-show.c */,
				7A7923651FB0A2C800BC2DE5 /* reader.c */,
				7A7923661FB0A2C800BC2DE5 /* signature.c */,
				7A7923671FB0A2C800BC2DE5 /* symmetric.c */,
				7A7923681FB0A2C800BC2DE5 /* validate.c */,
				7A7923691FB0A2C800BC2DE5 /* writer.c */,
			);
			path = src;
			sourceTree = "<group>";
		};
		7A9FB1371FB061E2001FEA36 = {
			isa = PBXGroup;
			children = (
				7A451D9A1FB1F4BF00177250 /* libetpan.xcodeproj */,
				7A9FB1421FB061E2001FEA36 /* deltachat-ios */,
				7A9FB1411FB061E2001FEA36 /* Products */,
				7A9FB4F81FB084E6001FEA36 /* Frameworks */,
				7DB2DC4CCB84D323E5130F99 /* Pods */,
			);
			sourceTree = "<group>";
		};
		7A9FB1411FB061E2001FEA36 /* Products */ = {
			isa = PBXGroup;
			children = (
				7A9FB1401FB061E2001FEA36 /* deltachat-ios.app */,
			);
			name = Products;
			sourceTree = "<group>";
		};
		7A9FB1421FB061E2001FEA36 /* deltachat-ios */ = {
			isa = PBXGroup;
			children = (
				AEACE2DE1FB3246400DCDD78 /* Message.swift */,
				7A9FB15B1FB07364001FEA36 /* libraries */,
				7A9FB1431FB061E2001FEA36 /* AppDelegate.swift */,
				7A451DAF1FB1F84900177250 /* AppCoordinator.swift */,
				7A9FB1451FB061E2001FEA36 /* ViewController.swift */,
				7A9FB14A1FB061E2001FEA36 /* Assets.xcassets */,
				7A9FB14C1FB061E2001FEA36 /* LaunchScreen.storyboard */,
				7A9FB14F1FB061E2001FEA36 /* Info.plist */,
				7A9FB1561FB06540001FEA36 /* deltachat-ios-Bridging-Header.h */,
				7A451D921FB1B1DB00177250 /* wrapper.c */,
				7A451D931FB1B1DB00177250 /* wrapper.h */,
				AE0D26FC1FB1FE88002FAFCE /* ChatListController.swift */,
				AEACE2DC1FB323CA00DCDD78 /* ChatViewController.swift */,
				AEACE2E01FB3271700DCDD78 /* SampleData.swift */,
				AEACE2E21FB32B5C00DCDD78 /* Constants.swift */,
				AEACE2E41FB32E1900DCDD78 /* Utils.swift */,
				AEACE2E81FB34D9100DCDD78 /* ContactViewController.swift */,
			);
			path = "deltachat-ios";
			sourceTree = "<group>";
		};
		7A9FB15B1FB07364001FEA36 /* libraries */ = {
			isa = PBXGroup;
			children = (
				7A7923411FB0A2B800BC2DE5 /* libs */,
				7A9FB4FA1FB08557001FEA36 /* src */,
			);
			name = libraries;
			sourceTree = "<group>";
		};
		7A9FB4F81FB084E6001FEA36 /* Frameworks */ = {
			isa = PBXGroup;
			children = (
				7A79233F1FB0A14300BC2DE5 /* libiconv.tbd */,
				6241BE1534A653E79AD5D01D /* Pods_deltachat_ios.framework */,
			);
			name = Frameworks;
			sourceTree = "<group>";
		};
		7A9FB4FA1FB08557001FEA36 /* src */ = {
			isa = PBXGroup;
			children = (
				7A9FB4FC1FB08557001FEA36 /* mraheader.c */,
				7A9FB4FD1FB08557001FEA36 /* mraheader.h */,
				7A9FB4FE1FB08557001FEA36 /* mrapeerstate.c */,
				7A9FB4FF1FB08557001FEA36 /* mrapeerstate.h */,
				7A9FB5001FB08557001FEA36 /* mrchat.c */,
				7A9FB5011FB08557001FEA36 /* mrchat.h */,
				7A9FB5021FB08557001FEA36 /* mrchatlist.c */,
				7A9FB5031FB08557001FEA36 /* mrchatlist.h */,
				7A9FB5041FB08557001FEA36 /* mrcmdline.c */,
				7A9FB5051FB08557001FEA36 /* mrcmdline.h */,
				7A9FB5061FB08557001FEA36 /* mrcontact.c */,
				7A9FB5071FB08557001FEA36 /* mrcontact.h */,
				7A9FB5081FB08557001FEA36 /* mrdehtml.c */,
				7A9FB5091FB08557001FEA36 /* mrdehtml.h */,
				7A9FB50A1FB08557001FEA36 /* mrimap.c */,
				7A9FB50B1FB08557001FEA36 /* mrimap.h */,
				7A9FB50C1FB08557001FEA36 /* mrjob.c */,
				7A9FB50D1FB08557001FEA36 /* mrjob.h */,
				7A9FB50E1FB08557001FEA36 /* mrkey.c */,
				7A9FB50F1FB08557001FEA36 /* mrkey.h */,
				7A9FB5101FB08557001FEA36 /* mrkeyring.c */,
				7A9FB5111FB08557001FEA36 /* mrkeyring.h */,
				7A9FB5121FB08557001FEA36 /* mrloginparam.c */,
				7A9FB5131FB08557001FEA36 /* mrloginparam.h */,
				7A9FB5141FB08557001FEA36 /* mrmailbox.c */,
				7A9FB5151FB08557001FEA36 /* mrmailbox.h */,
				7A9FB5161FB08557001FEA36 /* mrmailbox_configure.c */,
				7A9FB5171FB08557001FEA36 /* mrmailbox_e2ee.c */,
				7A9FB5181FB08557001FEA36 /* mrmailbox_imex.c */,
				7A9FB5191FB08557001FEA36 /* mrmailbox_log.c */,
				7A9FB51A1FB08557001FEA36 /* mrmailbox_tools.c */,
				7A9FB51B1FB08557001FEA36 /* mrmimefactory.c */,
				7A9FB51C1FB08557001FEA36 /* mrmimefactory.h */,
				7A9FB51D1FB08557001FEA36 /* mrmimeparser.c */,
				7A9FB51E1FB08557001FEA36 /* mrmimeparser.h */,
				7A9FB51F1FB08557001FEA36 /* mrmsg.c */,
				7A9FB5201FB08557001FEA36 /* mrmsg.h */,
				7A9FB5211FB08557001FEA36 /* mrosnative.c */,
				7A9FB5221FB08557001FEA36 /* mrosnative.h */,
				7A9FB5231FB08557001FEA36 /* mrparam.c */,
				7A9FB5241FB08557001FEA36 /* mrparam.h */,
				7A9FB5251FB08557001FEA36 /* mrpgp.c */,
				7A9FB5261FB08557001FEA36 /* mrpgp.h */,
				7A9FB5271FB08557001FEA36 /* mrpoortext.c */,
				7A9FB5281FB08557001FEA36 /* mrpoortext.h */,
				7A9FB5291FB08557001FEA36 /* mrsaxparser.c */,
				7A9FB52A1FB08557001FEA36 /* mrsaxparser.h */,
				7A9FB52B1FB08557001FEA36 /* mrsimplify.c */,
				7A9FB52C1FB08557001FEA36 /* mrsimplify.h */,
				7A9FB52D1FB08557001FEA36 /* mrsmtp.c */,
				7A9FB52E1FB08557001FEA36 /* mrsmtp.h */,
				7A9FB52F1FB08557001FEA36 /* mrsqlite3.c */,
				7A9FB5301FB08557001FEA36 /* mrsqlite3.h */,
				7A9FB5311FB08557001FEA36 /* mrstock.c */,
				7A9FB5321FB08557001FEA36 /* mrstock.h */,
				7A9FB5331FB08557001FEA36 /* mrtools.c */,
				7A9FB5341FB08557001FEA36 /* mrtools.h */,
				7A9FB5351FB08557001FEA36 /* stress.c */,
				7A9FB5361FB08557001FEA36 /* stress.h */,
			);
			name = src;
			path = "libraries/deltachat-core/src";
			sourceTree = "<group>";
		};
		7DB2DC4CCB84D323E5130F99 /* Pods */ = {
			isa = PBXGroup;
			children = (
				8DE110C607A0E4485C43B5FA /* Pods-deltachat-ios.debug.xcconfig */,
				A8615D4600859851E53CAA9C /* Pods-deltachat-ios.release.xcconfig */,
			);
			name = Pods;
			sourceTree = "<group>";
		};
/* End PBXGroup section */

/* Begin PBXNativeTarget section */
		7A9FB13F1FB061E2001FEA36 /* deltachat-ios */ = {
			isa = PBXNativeTarget;
			buildConfigurationList = 7A9FB1521FB061E2001FEA36 /* Build configuration list for PBXNativeTarget "deltachat-ios" */;
			buildPhases = (
				58C9D79942D26B7F8F210DA1 /* [CP] Check Pods Manifest.lock */,
				7A9FB13C1FB061E2001FEA36 /* Sources */,
				7A9FB13D1FB061E2001FEA36 /* Frameworks */,
				7A9FB13E1FB061E2001FEA36 /* Resources */,
				269B032E4F093924FBEF3924 /* [CP] Embed Pods Frameworks */,
				5666073C703CC2D48B2D265F /* [CP] Copy Pods Resources */,
			);
			buildRules = (
			);
			dependencies = (
			);
			name = "deltachat-ios";
			productName = "deltachat-ios";
			productReference = 7A9FB1401FB061E2001FEA36 /* deltachat-ios.app */;
			productType = "com.apple.product-type.application";
		};
/* End PBXNativeTarget section */

/* Begin PBXProject section */
		7A9FB1381FB061E2001FEA36 /* Project object */ = {
			isa = PBXProject;
			attributes = {
				LastSwiftUpdateCheck = 0910;
				LastUpgradeCheck = 0910;
				ORGANIZATIONNAME = "Jonas Reinsch";
				TargetAttributes = {
					7A9FB13F1FB061E2001FEA36 = {
						CreatedOnToolsVersion = 9.1;
						LastSwiftMigration = 0910;
						ProvisioningStyle = Automatic;
					};
				};
			};
			buildConfigurationList = 7A9FB13B1FB061E2001FEA36 /* Build configuration list for PBXProject "deltachat-ios" */;
			compatibilityVersion = "Xcode 8.0";
			developmentRegion = en;
			hasScannedForEncodings = 0;
			knownRegions = (
				en,
				Base,
			);
			mainGroup = 7A9FB1371FB061E2001FEA36;
			productRefGroup = 7A9FB1411FB061E2001FEA36 /* Products */;
			projectDirPath = "";
			projectReferences = (
				{
					ProductGroup = 7A451D9B1FB1F4BF00177250 /* Products */;
					ProjectRef = 7A451D9A1FB1F4BF00177250 /* libetpan.xcodeproj */;
				},
			);
			projectRoot = "";
			targets = (
				7A9FB13F1FB061E2001FEA36 /* deltachat-ios */,
			);
		};
/* End PBXProject section */

/* Begin PBXReferenceProxy section */
		7A451DA31FB1F4BF00177250 /* libetpan.framework */ = {
			isa = PBXReferenceProxy;
			fileType = wrapper.framework;
			path = libetpan.framework;
			remoteRef = 7A451DA21FB1F4BF00177250 /* PBXContainerItemProxy */;
			sourceTree = BUILT_PRODUCTS_DIR;
		};
		7A451DA51FB1F4BF00177250 /* libetpan.a */ = {
			isa = PBXReferenceProxy;
			fileType = archive.ar;
			path = libetpan.a;
			remoteRef = 7A451DA41FB1F4BF00177250 /* PBXContainerItemProxy */;
			sourceTree = BUILT_PRODUCTS_DIR;
		};
		7A451DA71FB1F4BF00177250 /* libetpan-ios.a */ = {
			isa = PBXReferenceProxy;
			fileType = archive.ar;
			path = "libetpan-ios.a";
			remoteRef = 7A451DA61FB1F4BF00177250 /* PBXContainerItemProxy */;
			sourceTree = BUILT_PRODUCTS_DIR;
		};
/* End PBXReferenceProxy section */

/* Begin PBXResourcesBuildPhase section */
		7A9FB13E1FB061E2001FEA36 /* Resources */ = {
			isa = PBXResourcesBuildPhase;
			buildActionMask = 2147483647;
			files = (
				7A9FB14E1FB061E2001FEA36 /* LaunchScreen.storyboard in Resources */,
				7A9FB14B1FB061E2001FEA36 /* Assets.xcassets in Resources */,
			);
			runOnlyForDeploymentPostprocessing = 0;
		};
/* End PBXResourcesBuildPhase section */

/* Begin PBXShellScriptBuildPhase section */
		269B032E4F093924FBEF3924 /* [CP] Embed Pods Frameworks */ = {
			isa = PBXShellScriptBuildPhase;
			buildActionMask = 2147483647;
			files = (
			);
			inputPaths = (
				"${SRCROOT}/Pods/Target Support Files/Pods-deltachat-ios/Pods-deltachat-ios-frameworks.sh",
				"${BUILT_PRODUCTS_DIR}/MessageKit/MessageKit.framework",
			);
			name = "[CP] Embed Pods Frameworks";
			outputPaths = (
				"${TARGET_BUILD_DIR}/${FRAMEWORKS_FOLDER_PATH}/MessageKit.framework",
			);
			runOnlyForDeploymentPostprocessing = 0;
			shellPath = /bin/sh;
			shellScript = "\"${SRCROOT}/Pods/Target Support Files/Pods-deltachat-ios/Pods-deltachat-ios-frameworks.sh\"\n";
			showEnvVarsInLog = 0;
		};
		5666073C703CC2D48B2D265F /* [CP] Copy Pods Resources */ = {
			isa = PBXShellScriptBuildPhase;
			buildActionMask = 2147483647;
			files = (
			);
			inputPaths = (
			);
			name = "[CP] Copy Pods Resources";
			outputPaths = (
			);
			runOnlyForDeploymentPostprocessing = 0;
			shellPath = /bin/sh;
			shellScript = "\"${SRCROOT}/Pods/Target Support Files/Pods-deltachat-ios/Pods-deltachat-ios-resources.sh\"\n";
			showEnvVarsInLog = 0;
		};
		58C9D79942D26B7F8F210DA1 /* [CP] Check Pods Manifest.lock */ = {
			isa = PBXShellScriptBuildPhase;
			buildActionMask = 2147483647;
			files = (
			);
			inputPaths = (
				"${PODS_PODFILE_DIR_PATH}/Podfile.lock",
				"${PODS_ROOT}/Manifest.lock",
			);
			name = "[CP] Check Pods Manifest.lock";
			outputPaths = (
				"$(DERIVED_FILE_DIR)/Pods-deltachat-ios-checkManifestLockResult.txt",
			);
			runOnlyForDeploymentPostprocessing = 0;
			shellPath = /bin/sh;
			shellScript = "diff \"${PODS_PODFILE_DIR_PATH}/Podfile.lock\" \"${PODS_ROOT}/Manifest.lock\" > /dev/null\nif [ $? != 0 ] ; then\n    # print error to STDERR\n    echo \"error: The sandbox is not in sync with the Podfile.lock. Run 'pod install' or update your CocoaPods installation.\" >&2\n    exit 1\nfi\n# This output is used by Xcode 'outputs' to avoid re-running this script phase.\necho \"SUCCESS\" > \"${SCRIPT_OUTPUT_FILE_0}\"\n";
			showEnvVarsInLog = 0;
		};
/* End PBXShellScriptBuildPhase section */

/* Begin PBXSourcesBuildPhase section */
		7A9FB13C1FB061E2001FEA36 /* Sources */ = {
			isa = PBXSourcesBuildPhase;
			buildActionMask = 2147483647;
			files = (
				7A79236E1FB0A2C800BC2DE5 /* misc.c in Sources */,
				AEACE2E91FB34D9100DCDD78 /* ContactViewController.swift in Sources */,
				7A9FB5561FB08557001FEA36 /* mrtools.c in Sources */,
				7A7923731FB0A2C800BC2DE5 /* signature.c in Sources */,
				7A9FB5541FB08557001FEA36 /* mrsqlite3.c in Sources */,
				7A9FB5511FB08557001FEA36 /* mrsaxparser.c in Sources */,
				7A9FB54B1FB08557001FEA36 /* mrmimeparser.c in Sources */,
				7A9FB5481FB08557001FEA36 /* mrmailbox_log.c in Sources */,
				7A79236B1FB0A2C800BC2DE5 /* create.c in Sources */,
				7A9FB5421FB08557001FEA36 /* mrkeyring.c in Sources */,
				AEACE2DF1FB3246400DCDD78 /* Message.swift in Sources */,
				7A79236D1FB0A2C800BC2DE5 /* keyring.c in Sources */,
				7A7923721FB0A2C800BC2DE5 /* reader.c in Sources */,
				7A9FB54F1FB08557001FEA36 /* mrpgp.c in Sources */,
				7A7923701FB0A2C800BC2DE5 /* packet-parse.c in Sources */,
				7A9FB5431FB08557001FEA36 /* mrloginparam.c in Sources */,
				7A9FB5501FB08557001FEA36 /* mrpoortext.c in Sources */,
				7A7923751FB0A2C800BC2DE5 /* validate.c in Sources */,
				AEACE2E11FB3271700DCDD78 /* SampleData.swift in Sources */,
				7A9FB5551FB08557001FEA36 /* mrstock.c in Sources */,
				7A9FB53B1FB08557001FEA36 /* mrchatlist.c in Sources */,
				AE0D26FD1FB1FE88002FAFCE /* ChatListController.swift in Sources */,
				7A9FB1461FB061E2001FEA36 /* ViewController.swift in Sources */,
				7A9FB54E1FB08557001FEA36 /* mrparam.c in Sources */,
				AEACE2DD1FB323CA00DCDD78 /* ChatViewController.swift in Sources */,
				7A7923741FB0A2C800BC2DE5 /* symmetric.c in Sources */,
				7A9FB54C1FB08557001FEA36 /* mrmsg.c in Sources */,
				7A9FB5521FB08557001FEA36 /* mrsimplify.c in Sources */,
				7A9FB5381FB08557001FEA36 /* mraheader.c in Sources */,
				7A9FB1441FB061E2001FEA36 /* AppDelegate.swift in Sources */,
				7A9FB53D1FB08557001FEA36 /* mrcontact.c in Sources */,
				7A9FB5451FB08557001FEA36 /* mrmailbox_configure.c in Sources */,
				7A9FB5491FB08557001FEA36 /* mrmailbox_tools.c in Sources */,
				7A7923711FB0A2C800BC2DE5 /* packet-show.c in Sources */,
				7A9FB5441FB08557001FEA36 /* mrmailbox.c in Sources */,
				7A9FB5401FB08557001FEA36 /* mrjob.c in Sources */,
				7A9FB53A1FB08557001FEA36 /* mrchat.c in Sources */,
				7A9FB5411FB08557001FEA36 /* mrkey.c in Sources */,
				7A7923761FB0A2C800BC2DE5 /* writer.c in Sources */,
				7A9FB5571FB08557001FEA36 /* stress.c in Sources */,
				7A9FB53F1FB08557001FEA36 /* mrimap.c in Sources */,
				AEACE2E51FB32E1900DCDD78 /* Utils.swift in Sources */,
				7A79236F1FB0A2C800BC2DE5 /* openssl_crypto.c in Sources */,
				7A9FB5391FB08557001FEA36 /* mrapeerstate.c in Sources */,
				7A9FB5531FB08557001FEA36 /* mrsmtp.c in Sources */,
				7A9FB53E1FB08557001FEA36 /* mrdehtml.c in Sources */,
				7A79236C1FB0A2C800BC2DE5 /* crypto.c in Sources */,
				7A9FB5461FB08557001FEA36 /* mrmailbox_e2ee.c in Sources */,
				7A9FB54A1FB08557001FEA36 /* mrmimefactory.c in Sources */,
				7A451D941FB1B1DB00177250 /* wrapper.c in Sources */,
				7A9FB54D1FB08557001FEA36 /* mrosnative.c in Sources */,
				7A9FB5471FB08557001FEA36 /* mrmailbox_imex.c in Sources */,
				7A9FB53C1FB08557001FEA36 /* mrcmdline.c in Sources */,
				7A79236A1FB0A2C800BC2DE5 /* compress.c in Sources */,
				7A451DB01FB1F84900177250 /* AppCoordinator.swift in Sources */,
				AEACE2E31FB32B5C00DCDD78 /* Constants.swift in Sources */,
			);
			runOnlyForDeploymentPostprocessing = 0;
		};
/* End PBXSourcesBuildPhase section */

/* Begin PBXVariantGroup section */
		7A9FB14C1FB061E2001FEA36 /* LaunchScreen.storyboard */ = {
			isa = PBXVariantGroup;
			children = (
				7A9FB14D1FB061E2001FEA36 /* Base */,
			);
			name = LaunchScreen.storyboard;
			sourceTree = "<group>";
		};
/* End PBXVariantGroup section */

/* Begin XCBuildConfiguration section */
		7A9FB1501FB061E2001FEA36 /* Debug */ = {
			isa = XCBuildConfiguration;
			buildSettings = {
				ALWAYS_SEARCH_USER_PATHS = NO;
				CLANG_ANALYZER_NONNULL = YES;
				CLANG_ANALYZER_NUMBER_OBJECT_CONVERSION = YES_AGGRESSIVE;
				CLANG_CXX_LANGUAGE_STANDARD = "gnu++14";
				CLANG_CXX_LIBRARY = "libc++";
				CLANG_ENABLE_MODULES = YES;
				CLANG_ENABLE_OBJC_ARC = YES;
				CLANG_WARN_BLOCK_CAPTURE_AUTORELEASING = YES;
				CLANG_WARN_BOOL_CONVERSION = YES;
				CLANG_WARN_COMMA = YES;
				CLANG_WARN_CONSTANT_CONVERSION = YES;
				CLANG_WARN_DIRECT_OBJC_ISA_USAGE = YES_ERROR;
				CLANG_WARN_DOCUMENTATION_COMMENTS = YES;
				CLANG_WARN_EMPTY_BODY = YES;
				CLANG_WARN_ENUM_CONVERSION = YES;
				CLANG_WARN_INFINITE_RECURSION = YES;
				CLANG_WARN_INT_CONVERSION = YES;
				CLANG_WARN_NON_LITERAL_NULL_CONVERSION = YES;
				CLANG_WARN_OBJC_LITERAL_CONVERSION = YES;
				CLANG_WARN_OBJC_ROOT_CLASS = YES_ERROR;
				CLANG_WARN_RANGE_LOOP_ANALYSIS = YES;
				CLANG_WARN_STRICT_PROTOTYPES = YES;
				CLANG_WARN_SUSPICIOUS_MOVE = YES;
				CLANG_WARN_UNGUARDED_AVAILABILITY = YES_AGGRESSIVE;
				CLANG_WARN_UNREACHABLE_CODE = YES;
				CLANG_WARN__DUPLICATE_METHOD_MATCH = YES;
				CODE_SIGN_IDENTITY = "iPhone Developer";
				COPY_PHASE_STRIP = NO;
				DEBUG_INFORMATION_FORMAT = dwarf;
				ENABLE_STRICT_OBJC_MSGSEND = YES;
				ENABLE_TESTABILITY = YES;
				GCC_C_LANGUAGE_STANDARD = gnu11;
				GCC_DYNAMIC_NO_PIC = NO;
				GCC_NO_COMMON_BLOCKS = YES;
				GCC_OPTIMIZATION_LEVEL = 0;
				GCC_PREPROCESSOR_DEFINITIONS = (
					"DEBUG=1",
					"$(inherited)",
				);
				GCC_WARN_64_TO_32_BIT_CONVERSION = YES;
				GCC_WARN_ABOUT_RETURN_TYPE = YES_ERROR;
				GCC_WARN_UNDECLARED_SELECTOR = YES;
				GCC_WARN_UNINITIALIZED_AUTOS = YES_AGGRESSIVE;
				GCC_WARN_UNUSED_FUNCTION = YES;
				GCC_WARN_UNUSED_VARIABLE = YES;
				IPHONEOS_DEPLOYMENT_TARGET = 11.1;
				MTL_ENABLE_DEBUG_INFO = YES;
				ONLY_ACTIVE_ARCH = YES;
				SDKROOT = iphoneos;
				SWIFT_ACTIVE_COMPILATION_CONDITIONS = DEBUG;
				SWIFT_OPTIMIZATION_LEVEL = "-Onone";
			};
			name = Debug;
		};
		7A9FB1511FB061E2001FEA36 /* Release */ = {
			isa = XCBuildConfiguration;
			buildSettings = {
				ALWAYS_SEARCH_USER_PATHS = NO;
				CLANG_ANALYZER_NONNULL = YES;
				CLANG_ANALYZER_NUMBER_OBJECT_CONVERSION = YES_AGGRESSIVE;
				CLANG_CXX_LANGUAGE_STANDARD = "gnu++14";
				CLANG_CXX_LIBRARY = "libc++";
				CLANG_ENABLE_MODULES = YES;
				CLANG_ENABLE_OBJC_ARC = YES;
				CLANG_WARN_BLOCK_CAPTURE_AUTORELEASING = YES;
				CLANG_WARN_BOOL_CONVERSION = YES;
				CLANG_WARN_COMMA = YES;
				CLANG_WARN_CONSTANT_CONVERSION = YES;
				CLANG_WARN_DIRECT_OBJC_ISA_USAGE = YES_ERROR;
				CLANG_WARN_DOCUMENTATION_COMMENTS = YES;
				CLANG_WARN_EMPTY_BODY = YES;
				CLANG_WARN_ENUM_CONVERSION = YES;
				CLANG_WARN_INFINITE_RECURSION = YES;
				CLANG_WARN_INT_CONVERSION = YES;
				CLANG_WARN_NON_LITERAL_NULL_CONVERSION = YES;
				CLANG_WARN_OBJC_LITERAL_CONVERSION = YES;
				CLANG_WARN_OBJC_ROOT_CLASS = YES_ERROR;
				CLANG_WARN_RANGE_LOOP_ANALYSIS = YES;
				CLANG_WARN_STRICT_PROTOTYPES = YES;
				CLANG_WARN_SUSPICIOUS_MOVE = YES;
				CLANG_WARN_UNGUARDED_AVAILABILITY = YES_AGGRESSIVE;
				CLANG_WARN_UNREACHABLE_CODE = YES;
				CLANG_WARN__DUPLICATE_METHOD_MATCH = YES;
				CODE_SIGN_IDENTITY = "iPhone Developer";
				COPY_PHASE_STRIP = NO;
				DEBUG_INFORMATION_FORMAT = "dwarf-with-dsym";
				ENABLE_NS_ASSERTIONS = NO;
				ENABLE_STRICT_OBJC_MSGSEND = YES;
				GCC_C_LANGUAGE_STANDARD = gnu11;
				GCC_NO_COMMON_BLOCKS = YES;
				GCC_WARN_64_TO_32_BIT_CONVERSION = YES;
				GCC_WARN_ABOUT_RETURN_TYPE = YES_ERROR;
				GCC_WARN_UNDECLARED_SELECTOR = YES;
				GCC_WARN_UNINITIALIZED_AUTOS = YES_AGGRESSIVE;
				GCC_WARN_UNUSED_FUNCTION = YES;
				GCC_WARN_UNUSED_VARIABLE = YES;
				IPHONEOS_DEPLOYMENT_TARGET = 11.1;
				MTL_ENABLE_DEBUG_INFO = NO;
				SDKROOT = iphoneos;
				SWIFT_OPTIMIZATION_LEVEL = "-Owholemodule";
				VALIDATE_PRODUCT = YES;
			};
			name = Release;
		};
		7A9FB1531FB061E2001FEA36 /* Debug */ = {
			isa = XCBuildConfiguration;
			baseConfigurationReference = 8DE110C607A0E4485C43B5FA /* Pods-deltachat-ios.debug.xcconfig */;
			buildSettings = {
				ASSETCATALOG_COMPILER_APPICON_NAME = AppIcon;
				CLANG_ENABLE_MODULES = YES;
				CODE_SIGN_STYLE = Automatic;
				DEVELOPMENT_TEAM = S595XJ38G3;
				HEADER_SEARCH_PATHS = "deltachat-ios/libraries/deltachat-core/libs/netpgp/include";
				INFOPLIST_FILE = "deltachat-ios/Info.plist";
				LD_RUNPATH_SEARCH_PATHS = "$(inherited) @executable_path/Frameworks";
				OTHER_LDFLAGS = (
					"-lsasl2",
					"-lz",
					"-lcrypto",
				);
				PRODUCT_BUNDLE_IDENTIFIER = "com.jonasreinsch.deltachat-ios";
				PRODUCT_NAME = "$(TARGET_NAME)";
				SWIFT_OBJC_BRIDGING_HEADER = "deltachat-ios/deltachat-ios-Bridging-Header.h";
				SWIFT_OPTIMIZATION_LEVEL = "-Onone";
				SWIFT_VERSION = 4.0;
				TARGETED_DEVICE_FAMILY = "1,2";
			};
			name = Debug;
		};
		7A9FB1541FB061E2001FEA36 /* Release */ = {
			isa = XCBuildConfiguration;
			baseConfigurationReference = A8615D4600859851E53CAA9C /* Pods-deltachat-ios.release.xcconfig */;
			buildSettings = {
				ASSETCATALOG_COMPILER_APPICON_NAME = AppIcon;
				CLANG_ENABLE_MODULES = YES;
				CODE_SIGN_STYLE = Automatic;
				DEVELOPMENT_TEAM = S595XJ38G3;
				HEADER_SEARCH_PATHS = "deltachat-ios/libraries/deltachat-core/libs/netpgp/include";
				INFOPLIST_FILE = "deltachat-ios/Info.plist";
				LD_RUNPATH_SEARCH_PATHS = "$(inherited) @executable_path/Frameworks";
				OTHER_LDFLAGS = (
					"-lsasl2",
					"-lz",
					"-lcrypto",
				);
				PRODUCT_BUNDLE_IDENTIFIER = "com.jonasreinsch.deltachat-ios";
				PRODUCT_NAME = "$(TARGET_NAME)";
				SWIFT_OBJC_BRIDGING_HEADER = "deltachat-ios/deltachat-ios-Bridging-Header.h";
				SWIFT_VERSION = 4.0;
				TARGETED_DEVICE_FAMILY = "1,2";
			};
			name = Release;
		};
/* End XCBuildConfiguration section */

/* Begin XCConfigurationList section */
		7A9FB13B1FB061E2001FEA36 /* Build configuration list for PBXProject "deltachat-ios" */ = {
			isa = XCConfigurationList;
			buildConfigurations = (
				7A9FB1501FB061E2001FEA36 /* Debug */,
				7A9FB1511FB061E2001FEA36 /* Release */,
			);
			defaultConfigurationIsVisible = 0;
			defaultConfigurationName = Release;
		};
		7A9FB1521FB061E2001FEA36 /* Build configuration list for PBXNativeTarget "deltachat-ios" */ = {
			isa = XCConfigurationList;
			buildConfigurations = (
				7A9FB1531FB061E2001FEA36 /* Debug */,
				7A9FB1541FB061E2001FEA36 /* Release */,
			);
			defaultConfigurationIsVisible = 0;
			defaultConfigurationName = Release;
		};
/* End XCConfigurationList section */
	};
	rootObject = 7A9FB1381FB061E2001FEA36 /* Project object */;
}
