PODS:
  - CocoaLumberjack (3.8.5):
    - CocoaLumberjack/Core (= 3.8.5)
  - CocoaLumberjack/Core (3.8.5)
  - libwebp (1.3.2):
    - libwebp/demux (= 1.3.2)
    - libwebp/mux (= 1.3.2)
    - libwebp/sharpyuv (= 1.3.2)
    - libwebp/webp (= 1.3.2)
  - libwebp/demux (1.3.2):
    - libwebp/webp
  - libwebp/mux (1.3.2):
    - libwebp/demux
  - libwebp/sharpyuv (1.3.2)
  - libwebp/webp (1.3.2):
    - libwebp/sharpyuv
  - MCEmojiPicker (1.2.3)
  - ReachabilitySwift (5.2.4)
  - SCSiriWaveformView (1.1.2)
  - SDWebImage (5.20.0):
    - SDWebImage/Core (= 5.20.0)
  - SDWebImage/Core (5.20.0)
  - SDWebImageSVGKitPlugin (1.4.0):
    - SDWebImage/Core (~> 5.10)
    - SVGKit (~> 3.0)
  - SDWebImageWebPCoder (0.14.6):
    - libwebp (~> 1.0)
    - SDWebImage/Core (~> 5.17)
  - SVGKit (3.0.0):
    - CocoaLumberjack (~> 3.0)
  - SwiftFormat/CLI (0.55.3)
  - SwiftLint (0.57.1)

DEPENDENCIES:
  - MCEmojiPicker (from `https://github.com/deltachat/MCEmojiPicker`, branch `main`)
  - ReachabilitySwift
  - SCSiriWaveformView
  - SDWebImage
  - SDWebImageSVGKitPlugin
  - SDWebImageWebPCoder
  - SVGKit
  - SwiftFormat/CLI
  - SwiftLint

SPEC REPOS:
  trunk:
    - CocoaLumberjack
    - libwebp
    - ReachabilitySwift
    - SCSiriWaveformView
    - SDWebImage
    - SDWebImageSVGKitPlugin
    - SDWebImageWebPCoder
    - SVGKit
    - SwiftFormat
    - SwiftLint

EXTERNAL SOURCES:
  MCEmojiPicker:
    :branch: main
    :git: https://github.com/deltachat/MCEmojiPicker

CHECKOUT OPTIONS:
  MCEmojiPicker:
    :commit: d9eb480883c0a46b8813b9fe1f4e00d4df1ad071
    :git: https://github.com/deltachat/MCEmojiPicker

SPEC CHECKSUMS:
  CocoaLumberjack: 6a459bc897d6d80bd1b8c78482ec7ad05dffc3f0
  libwebp: 1786c9f4ff8a279e4dac1e8f385004d5fc253009
  MCEmojiPicker: d24f72731881c05143870eefff52f586d493b982
  ReachabilitySwift: 32793e867593cfc1177f5d16491e3a197d2fccda
  SCSiriWaveformView: 016392911fb442c17d6dbad68e666edb13193c02
  SDWebImage: 73c6079366fea25fa4bb9640d5fb58f0893facd8
  SDWebImageSVGKitPlugin: 7542dd07c344ec3415ded0461a1161a6f087e0c9
  SDWebImageWebPCoder: e38c0a70396191361d60c092933e22c20d5b1380
  SVGKit: 1ad7513f8c74d9652f94ed64ddecda1a23864dea
  SwiftFormat: 2f3558ca02842dcd3fd970360d2d4054bd21624a
  SwiftLint: 92196976e597b9afec5dbe374810103e6c1d9d7c

PODFILE CHECKSUM: 2da95f11b974320ff49308be31714c4fd2efb4ac

COCOAPODS: 1.16.2
