PODS:
  - ALCameraViewController (3.0.3)
  - DBDebugToolkit (0.5.0)
  - JGProgressHUD (2.0.3)
  - MessageInputBar/Core (0.4.1)
  - MessageKit (2.0.0):
    - MessageInputBar/Core
  - QuickTableViewController (1.1.0)
  - ReachabilitySwift (4.3.0)
  - SwiftFormat/CLI (0.37.2)
  - SwiftLint (0.29.3)
  - SwiftyBeaver (1.6.1)

DEPENDENCIES:
  - ALCameraViewController (from `https://github.com/dignifiedquire/ALCameraViewController`)
  - DBDebugToolkit
  - JGProgressHUD
  - MessageKit (= 2.0.0)
  - QuickTableViewController
  - ReachabilitySwift
  - SwiftFormat/CLI
  - SwiftLint
  - SwiftyBeaver

SPEC REPOS:
  https://github.com/cocoapods/specs.git:
    - DBDebugToolkit
    - JGProgressHUD
    - MessageInputBar
    - MessageKit
    - QuickTableViewController
    - ReachabilitySwift
    - SwiftFormat
    - SwiftLint
    - SwiftyBeaver

EXTERNAL SOURCES:
  ALCameraViewController:
    :git: https://github.com/dignifiedquire/ALCameraViewController

CHECKOUT OPTIONS:
  ALCameraViewController:
    :commit: e0fcc4338276e4fc6240e8726ecc77aa39ce1385
    :git: https://github.com/dignifiedquire/ALCameraViewController

SPEC CHECKSUMS:
  ALCameraViewController: dd13cf0a5b44a4d542c73bbcbebd02bc09e929c7
  DBDebugToolkit: c04bb6f618051d3de447a4b4323f37826116cfed
  JGProgressHUD: 12b20a8f4ffe05258f8635c1ab92816e451f904d
  MessageInputBar: e81c7535347f1f7b923de7080409a535a004b6e4
  MessageKit: 29c1c87e5a396d2ca7a3f712e5171dc9aba42a1e
  QuickTableViewController: 129e71fc37a69991aff02bc946723d51a13d6aa5
  ReachabilitySwift: 408477d1b6ed9779dba301953171e017c31241f3
  SwiftFormat: abbfb26dde4c6d683923cde153c88e10da9d7881
  SwiftLint: bfa7ca7b4d170cfaf0d236ca3ffd969e88a2f002
  SwiftyBeaver: ccfcdf85a04d429f1633f668650b0ce8020bda3a

PODFILE CHECKSUM: 2d177bebe81197566a8a99670cf0bf66f44605f5

COCOAPODS: 1.6.1
