<?xml version="1.0" encoding="UTF-8"?>
<Scheme
   LastUpgradeVersion = "2610"
   version = "1.7">
   <BuildAction
      parallelizeBuildables = "YES"
      buildImplicitDependencies = "YES"
      buildArchitectures = "Automatic">
      <BuildActionEntries>
         <BuildActionEntry
            buildForTesting = "YES"
            buildForRunning = "YES"
            buildForProfiling = "YES"
            buildForArchiving = "YES"
            buildForAnalyzing = "YES">
            <BuildableReference
               BuildableIdentifier = "primary"
               BlueprintIdentifier = "DCA000012CF72AA0009AF551"
               BuildableName = "DcAppClip.app"
               BlueprintName = "DcAppClip"
               ReferencedContainer = "container:deltachat-ios.xcodeproj">
            </BuildableReference>
         </BuildActionEntry>
      </BuildActionEntries>
   </BuildAction>
   <TestAction
      buildConfiguration = "Debug"
      selectedDebuggerIdentifier = "Xcode.DebuggerFoundation.Debugger.LLDB"
      selectedLauncherIdentifier = "Xcode.DebuggerFoundation.Launcher.LLDB"
      shouldUseLaunchSchemeArgsEnv = "YES"
      shouldAutocreateTestPlan = "YES">
   </TestAction>
   <LaunchAction
      buildConfiguration = "Debug"
      appClipInvocationURLString = "https://i.delta.chat/#AB68F428FCEF88D32B46189314FDBB18B2789654&amp;a=groupedit%40nine.testrun.org&amp;n=Group%20Editor%20Bot&amp;i=Ggt6rA8fZ89DCKXU2eOBXAOy&amp;s=wdoG_ZGB15llV69gLG_sFCZw"
      selectedDebuggerIdentifier = "Xcode.DebuggerFoundation.Debugger.LLDB"
      selectedLauncherIdentifier = "Xcode.DebuggerFoundation.Launcher.LLDB"
      launchStyle = "0"
      useCustomWorkingDirectory = "NO"
      ignoresPersistentStateOnLaunch = "NO"
      debugDocumentVersioning = "YES"
      debugServiceExtension = "internal"
      allowLocationSimulation = "YES">
      <BuildableProductRunnable
         runnableDebuggingMode = "0">
         <BuildableReference
            BuildableIdentifier = "primary"
            BlueprintIdentifier = "DCA000012CF72AA0009AF551"
            BuildableName = "DcAppClip.app"
            BlueprintName = "DcAppClip"
            ReferencedContainer = "container:deltachat-ios.xcodeproj">
         </BuildableReference>
      </BuildableProductRunnable>
   </LaunchAction>
   <ProfileAction
      buildConfiguration = "Release"
      appClipInvocationURLString = "https://i.delta.chat/#AB68F428FCEF88D32B46189314FDBB18B2789654&amp;a=groupedit%40nine.testrun.org&amp;n=Group%20Editor%20Bot&amp;i=Ggt6rA8fZ89DCKXU2eOBXAOy&amp;s=wdoG_ZGB15llV69gLG_sFCZw"
      shouldUseLaunchSchemeArgsEnv = "YES"
      savedToolIdentifier = ""
      useCustomWorkingDirectory = "NO"
      debugDocumentVersioning = "YES">
      <BuildableProductRunnable
         runnableDebuggingMode = "0">
         <BuildableReference
            BuildableIdentifier = "primary"
            BlueprintIdentifier = "DCA000012CF72AA0009AF551"
            BuildableName = "DcAppClip.app"
            BlueprintName = "DcAppClip"
            ReferencedContainer = "container:deltachat-ios.xcodeproj">
         </BuildableReference>
      </BuildableProductRunnable>
   </ProfileAction>
   <AnalyzeAction
      buildConfiguration = "Debug">
   </AnalyzeAction>
   <ArchiveAction
      buildConfiguration = "Release"
      revealArchiveInOrganizer = "YES">
   </ArchiveAction>
</Scheme>
